#
# This file is autogenerated by pip-compile with Python 3.12
# by the following command:
#
#    pip-compile --generate-hashes --output-file=libs/bsw/middleware/tools/cpp_generator/requirements.lock --strip-extras libs/bsw/middleware/tools/cpp_generator/requirements.txt
#

attrs==26.1.0 \
    --hash=sha256:c647aa4a12dfbad9333ca4e71fe62ddc36f4e63b2d260a37a8b83d2f043ac309
    # via
    #   jsonschema
    #   referencing
jinja2==3.1.6 \
    --hash=sha256:85ece4451f492d0c13c5dd7c13a64681a86afae63a5f347908daf103ce6d2f67
    # via -r libs/bsw/middleware/tools/cpp_generator/requirements.txt
jsonschema==4.26.0 \
    --hash=sha256:d489f15263b8d200f8387e64b4c3a75f06629559fb73deb8fdfb525f2dab50ce
    # via -r libs/bsw/middleware/tools/cpp_generator/requirements.txt
jsonschema-specifications==2025.9.1 \
    --hash=sha256:98802fee3a11ee76ecaca44429fda8a41bff98b00a0f2838151b113f210cc6fe
    # via jsonschema
markupsafe==3.0.3 \
    --hash=sha256:d6dd0be5b5b189d31db7cda48b91d7e0a9795f31430b7f271219ab30f1d3ac9d
    # via jinja2
pyyaml==6.0.3 \
    --hash=sha256:ba1cc08a7ccde2d2ec775841541641e4548226580ab850948cbfda66a1befcdc
    # via -r libs/bsw/middleware/tools/cpp_generator/requirements.txt
referencing==0.37.0 \
    --hash=sha256:381329a9f99628c9069361716891d34ad94af76e461dcb0335825aecc7692231
    # via
    #   jsonschema
    #   jsonschema-specifications
rpds-py==2026.6.3 \
    --hash=sha256:ecabd69db66de867690f9797f2f8fa27ba501bbc24540cbdbdc649cd15888ba6
    # via
    #   jsonschema
    #   referencing
typing-extensions==4.12.2 \
    --hash=sha256:04e5ca0351e0f3f85c6853954072df659d0d13fac324d0072316b67d7794700d
    # via referencing
